
Microsoft Visual Studio Solution File, Format Version 12.00
# Visual Studio 15
VisualStudioVersion = 15.0.28307.438
MinimumVisualStudioVersion = 10.0.40219.1
Project("{FAE04EC0-301F-11D3-BF4B-00C04F79EFBC}") = "PLP", "PLP\PLP.csproj", "{9568FE6F-AD9A-4DCE-A0E6-C549E41D5329}"
EndProject
Project("{FAE04EC0-301F-11D3-BF4B-00C04F79EFBC}") = "PLPTests", "PLPTests\PLPTests.csproj", "{4A633CEC-2B94-409D-B5AD-F554F6575FB9}"
EndProject
Project("{FAE04EC0-301F-11D3-BF4B-00C04F79EFBC}") = "LogicPointWeb", "LogicPointWeb\LogicPointWeb.csproj", "{0FD8E29C-557A-485A-89E9-7149BC9C1C7F}"
EndProject
Global
	GlobalSection(SolutionConfigurationPlatforms) = preSolution
		Debug|Any CPU = Debug|Any CPU
		Release|Any CPU = Release|Any CPU
	EndGlobalSection
	GlobalSection(ProjectConfigurationPlatforms) = postSolution
		{9568FE6F-AD9A-4DCE-A0E6-C549E41D5329}.Debug|Any CPU.ActiveCfg = Debug|Any CPU
		{9568FE6F-AD9A-4DCE-A0E6-C549E41D5329}.Debug|Any CPU.Build.0 = Debug|Any CPU
		{9568FE6F-AD9A-4DCE-A0E6-C549E41D5329}.Release|Any CPU.ActiveCfg = Release|Any CPU
		{9568FE6F-AD9A-4DCE-A0E6-C549E41D5329}.Release|Any CPU.Build.0 = Release|Any CPU
		{4A633CEC-2B94-409D-B5AD-F554F6575FB9}.Debug|Any CPU.ActiveCfg = Debug|Any CPU
		{4A633CEC-2B94-409D-B5AD-F554F6575FB9}.Debug|Any CPU.Build.0 = Debug|Any CPU
		{4A633CEC-2B94-409D-B5AD-F554F6575FB9}.Release|Any CPU.ActiveCfg = Release|Any CPU
		{4A633CEC-2B94-409D-B5AD-F554F6575FB9}.Release|Any CPU.Build.0 = Release|Any CPU
		{0FD8E29C-557A-485A-89E9-7149BC9C1C7F}.Debug|Any CPU.ActiveCfg = Debug|Any CPU
		{0FD8E29C-557A-485A-89E9-7149BC9C1C7F}.Debug|Any CPU.Build.0 = Debug|Any CPU
		{0FD8E29C-557A-485A-89E9-7149BC9C1C7F}.Release|Any CPU.ActiveCfg = Release|Any CPU
		{0FD8E29C-557A-485A-89E9-7149BC9C1C7F}.Release|Any CPU.Build.0 = Release|Any CPU
	EndGlobalSection
	GlobalSection(SolutionProperties) = preSolution
		HideSolutionNode = FALSE
	EndGlobalSection
	GlobalSection(ExtensibilityGlobals) = postSolution
		SolutionGuid = {7026E481-861D-4974-88EE-F89F266428FC}
	EndGlobalSection
EndGlobal
